
Microsoft Visual Studio Solution File, Format Version 12.00
# Visual Studio 2012
Project("{FAE04EC0-301F-11D3-BF4B-00C04F79EFBC}") = "DfaReporting.Samples", "DfaReporting.Samples.csproj", "{2425B70F-5543-4E51-B8D0-D7A9D04259BC}"
EndProject
Global
	GlobalSection(SolutionConfigurationPlatforms) = preSolution
		Debug|Any CPU = Debug|Any CPU
		Release|Any CPU = Release|Any CPU
	EndGlobalSection
	GlobalSection(ProjectConfigurationPlatforms) = postSolution
		{2425B70F-5543-4E51-B8D0-D7A9D04259BC}.Debug|Any CPU.ActiveCfg = Debug|Any CPU
		{2425B70F-5543-4E51-B8D0-D7A9D04259BC}.Debug|Any CPU.Build.0 = Debug|Any CPU
		{2425B70F-5543-4E51-B8D0-D7A9D04259BC}.Release|Any CPU.ActiveCfg = Release|Any CPU
		{2425B70F-5543-4E51-B8D0-D7A9D04259BC}.Release|Any CPU.Build.0 = Release|Any CPU
	EndGlobalSection
	GlobalSection(SolutionProperties) = preSolution
		HideSolutionNode = FALSE
	EndGlobalSection
EndGlobal
